
Microsoft Visual Studio Solution File, Format Version 12.00
# Visual Studio Version 17
VisualStudioVersion = 17.13.35828.75
MinimumVisualStudioVersion = 10.0.40219.1
Project("{2150E333-8FDC-42A3-9474-1A3956D46DE8}") = "Services", "Services", "{02EA681E-C7D8-13C7-8484-4AC65E1B71E8}"
EndProject
Project("{2150E333-8FDC-42A3-9474-1A3956D46DE8}") = "Catalog", "Catalog", "{09322AFB-35F8-4178-A09E-F2707B86A4FB}"
EndProject
Project("{FAE04EC0-301F-11D3-BF4B-00C04F79EFBC}") = "Catalog.API", "Services\Catalog\Catalog.API\Catalog.API.csproj", "{08DCC1DF-A8C2-485B-8E15-B005483B05C7}"
EndProject
Project("{2150E333-8FDC-42A3-9474-1A3956D46DE8}") = "BuildingBlocks", "BuildingBlocks", "{92AA3D74-2898-4407-93B0-01392F0D3952}"
EndProject
Project("{FAE04EC0-301F-11D3-BF4B-00C04F79EFBC}") = "BuildingBlocks", "BuildingBlocks\BuildingBlocks\BuildingBlocks.csproj", "{8096D7F4-AB8C-4069-AEA3-844664C31AA5}"
EndProject
Project("{E53339B2-1760-4266-BCC7-CA923CBCF16C}") = "docker-compose", "docker-compose.dcproj", "{81DDED9D-158B-E303-5F62-77A2896D2A5A}"
EndProject
Project("{FAE04EC0-301F-11D3-BF4B-00C04F79EFBC}") = "BuildingBlocks.Messaging", "BuildingBlocks\BuildingBlocks.Messaging\BuildingBlocks.Messaging.csproj", "{0A7B9072-31A3-4262-AD67-81A380BCA1A3}"
EndProject
Project("{2150E333-8FDC-42A3-9474-1A3956D46DE8}") = "Ordering", "Ordering", "{F48BB4FA-CDDC-45AB-830F-17AB4BE89A8A}"
EndProject
Project("{FAE04EC0-301F-11D3-BF4B-00C04F79EFBC}") = "Ordering.Application", "Services\Ordering\Ordering.Application\Ordering.Application.csproj", "{050990BC-FFFF-4F95-B850-C6CD8435049F}"
EndProject
Project("{FAE04EC0-301F-11D3-BF4B-00C04F79EFBC}") = "Ordering.Domain", "Services\Ordering\Ordering.Domain\Ordering.Domain.csproj", "{F025275F-70EA-4335-91E7-BFE331FE3DFA}"
EndProject
Project("{FAE04EC0-301F-11D3-BF4B-00C04F79EFBC}") = "Ordering.Infrastructure", "Services\Ordering\Ordering.Infrastructure\Ordering.Infrastructure.csproj", "{277EE63D-0B8D-41F0-A402-804A6E0B99BB}"
EndProject
Project("{FAE04EC0-301F-11D3-BF4B-00C04F79EFBC}") = "Ordering.API", "Services\Ordering\Ordering.API\Ordering.API.csproj", "{D8B4FC41-C255-4474-BCC7-CB5B4E0E8409}"
EndProject
Project("{2150E333-8FDC-42A3-9474-1A3956D46DE8}") = "Scheduling", "Scheduling", "{24901D71-CE87-42DB-A013-787E74D2FBE2}"
EndProject
Project("{FAE04EC0-301F-11D3-BF4B-00C04F79EFBC}") = "Scheduling.API", "Services\Scheduling\Scheduling.API\Scheduling.API.csproj", "{D0E8BBC1-0286-401A-9208-99AA5BD48765}"
EndProject
Global
	GlobalSection(SolutionConfigurationPlatforms) = preSolution
		Debug|Any CPU = Debug|Any CPU
		Release|Any CPU = Release|Any CPU
	EndGlobalSection
	GlobalSection(ProjectConfigurationPlatforms) = postSolution
		{08DCC1DF-A8C2-485B-8E15-B005483B05C7}.Debug|Any CPU.ActiveCfg = Debug|Any CPU
		{08DCC1DF-A8C2-485B-8E15-B005483B05C7}.Debug|Any CPU.Build.0 = Debug|Any CPU
		{08DCC1DF-A8C2-485B-8E15-B005483B05C7}.Release|Any CPU.ActiveCfg = Release|Any CPU
		{08DCC1DF-A8C2-485B-8E15-B005483B05C7}.Release|Any CPU.Build.0 = Release|Any CPU
		{8096D7F4-AB8C-4069-AEA3-844664C31AA5}.Debug|Any CPU.ActiveCfg = Debug|Any CPU
		{8096D7F4-AB8C-4069-AEA3-844664C31AA5}.Debug|Any CPU.Build.0 = Debug|Any CPU
		{8096D7F4-AB8C-4069-AEA3-844664C31AA5}.Release|Any CPU.ActiveCfg = Release|Any CPU
		{8096D7F4-AB8C-4069-AEA3-844664C31AA5}.Release|Any CPU.Build.0 = Release|Any CPU
		{81DDED9D-158B-E303-5F62-77A2896D2A5A}.Debug|Any CPU.ActiveCfg = Debug|Any CPU
		{81DDED9D-158B-E303-5F62-77A2896D2A5A}.Debug|Any CPU.Build.0 = Debug|Any CPU
		{81DDED9D-158B-E303-5F62-77A2896D2A5A}.Release|Any CPU.ActiveCfg = Release|Any CPU
		{81DDED9D-158B-E303-5F62-77A2896D2A5A}.Release|Any CPU.Build.0 = Release|Any CPU
		{0A7B9072-31A3-4262-AD67-81A380BCA1A3}.Debug|Any CPU.ActiveCfg = Debug|Any CPU
		{0A7B9072-31A3-4262-AD67-81A380BCA1A3}.Debug|Any CPU.Build.0 = Debug|Any CPU
		{0A7B9072-31A3-4262-AD67-81A380BCA1A3}.Release|Any CPU.ActiveCfg = Release|Any CPU
		{0A7B9072-31A3-4262-AD67-81A380BCA1A3}.Release|Any CPU.Build.0 = Release|Any CPU
		{050990BC-FFFF-4F95-B850-C6CD8435049F}.Debug|Any CPU.ActiveCfg = Debug|Any CPU
		{050990BC-FFFF-4F95-B850-C6CD8435049F}.Debug|Any CPU.Build.0 = Debug|Any CPU
		{050990BC-FFFF-4F95-B850-C6CD8435049F}.Release|Any CPU.ActiveCfg = Release|Any CPU
		{050990BC-FFFF-4F95-B850-C6CD8435049F}.Release|Any CPU.Build.0 = Release|Any CPU
		{F025275F-70EA-4335-91E7-BFE331FE3DFA}.Debug|Any CPU.ActiveCfg = Debug|Any CPU
		{F025275F-70EA-4335-91E7-BFE331FE3DFA}.Debug|Any CPU.Build.0 = Debug|Any CPU
		{F025275F-70EA-4335-91E7-BFE331FE3DFA}.Release|Any CPU.ActiveCfg = Release|Any CPU
		{F025275F-70EA-4335-91E7-BFE331FE3DFA}.Release|Any CPU.Build.0 = Release|Any CPU
		{277EE63D-0B8D-41F0-A402-804A6E0B99BB}.Debug|Any CPU.ActiveCfg = Debug|Any CPU
		{277EE63D-0B8D-41F0-A402-804A6E0B99BB}.Debug|Any CPU.Build.0 = Debug|Any CPU
		{277EE63D-0B8D-41F0-A402-804A6E0B99BB}.Release|Any CPU.ActiveCfg = Release|Any CPU
		{277EE63D-0B8D-41F0-A402-804A6E0B99BB}.Release|Any CPU.Build.0 = Release|Any CPU
		{D8B4FC41-C255-4474-BCC7-CB5B4E0E8409}.Debug|Any CPU.ActiveCfg = Debug|Any CPU
		{D8B4FC41-C255-4474-BCC7-CB5B4E0E8409}.Debug|Any CPU.Build.0 = Debug|Any CPU
		{D8B4FC41-C255-4474-BCC7-CB5B4E0E8409}.Release|Any CPU.ActiveCfg = Release|Any CPU
		{D8B4FC41-C255-4474-BCC7-CB5B4E0E8409}.Release|Any CPU.Build.0 = Release|Any CPU
		{D0E8BBC1-0286-401A-9208-99AA5BD48765}.Debug|Any CPU.ActiveCfg = Debug|Any CPU
		{D0E8BBC1-0286-401A-9208-99AA5BD48765}.Debug|Any CPU.Build.0 = Debug|Any CPU
		{D0E8BBC1-0286-401A-9208-99AA5BD48765}.Release|Any CPU.ActiveCfg = Release|Any CPU
		{D0E8BBC1-0286-401A-9208-99AA5BD48765}.Release|Any CPU.Build.0 = Release|Any CPU
	EndGlobalSection
	GlobalSection(SolutionProperties) = preSolution
		HideSolutionNode = FALSE
	EndGlobalSection
	GlobalSection(NestedProjects) = preSolution
		{09322AFB-35F8-4178-A09E-F2707B86A4FB} = {02EA681E-C7D8-13C7-8484-4AC65E1B71E8}
		{08DCC1DF-A8C2-485B-8E15-B005483B05C7} = {09322AFB-35F8-4178-A09E-F2707B86A4FB}
		{8096D7F4-AB8C-4069-AEA3-844664C31AA5} = {92AA3D74-2898-4407-93B0-01392F0D3952}
		{0A7B9072-31A3-4262-AD67-81A380BCA1A3} = {92AA3D74-2898-4407-93B0-01392F0D3952}
		{F48BB4FA-CDDC-45AB-830F-17AB4BE89A8A} = {02EA681E-C7D8-13C7-8484-4AC65E1B71E8}
		{050990BC-FFFF-4F95-B850-C6CD8435049F} = {F48BB4FA-CDDC-45AB-830F-17AB4BE89A8A}
		{F025275F-70EA-4335-91E7-BFE331FE3DFA} = {F48BB4FA-CDDC-45AB-830F-17AB4BE89A8A}
		{277EE63D-0B8D-41F0-A402-804A6E0B99BB} = {F48BB4FA-CDDC-45AB-830F-17AB4BE89A8A}
		{D8B4FC41-C255-4474-BCC7-CB5B4E0E8409} = {F48BB4FA-CDDC-45AB-830F-17AB4BE89A8A}
		{24901D71-CE87-42DB-A013-787E74D2FBE2} = {02EA681E-C7D8-13C7-8484-4AC65E1B71E8}
		{D0E8BBC1-0286-401A-9208-99AA5BD48765} = {24901D71-CE87-42DB-A013-787E74D2FBE2}
	EndGlobalSection
	GlobalSection(ExtensibilityGlobals) = postSolution
		SolutionGuid = {98518258-5277-4B21-97BE-2F9B4132260D}
	EndGlobalSection
EndGlobal
